
Microsoft Visual Studio Solution File, Format Version 12.00
# Visual Studio Version 16
VisualStudioVersion = 16.0.31005.135
MinimumVisualStudioVersion = 10.0.40219.1
Project("{9A19103F-16F7-4668-BE54-9A1E7A4F7556}") = "QueenAttack", "QueenAttack.csproj", "{C68E2009-75E1-488E-9671-646F851730BC}"
EndProject
Global
	GlobalSection(SolutionConfigurationPlatforms) = preSolution
		Debug|Any CPU = Debug|Any CPU
		Release|Any CPU = Release|Any CPU
	EndGlobalSection
	GlobalSection(ProjectConfigurationPlatforms) = postSolution
		{C68E2009-75E1-488E-9671-646F851730BC}.Debug|Any CPU.ActiveCfg = Debug|Any CPU
		{C68E2009-75E1-488E-9671-646F851730BC}.Debug|Any CPU.Build.0 = Debug|Any CPU
		{C68E2009-75E1-488E-9671-646F851730BC}.Release|Any CPU.ActiveCfg = Release|Any CPU
		{C68E2009-75E1-488E-9671-646F851730BC}.Release|Any CPU.Build.0 = Release|Any CPU
	EndGlobalSection
	GlobalSection(SolutionProperties) = preSolution
		HideSolutionNode = FALSE
	EndGlobalSection
	GlobalSection(ExtensibilityGlobals) = postSolution
		SolutionGuid = {84EDAEF5-8DB6-4F5E-BB3C-06120EF5B636}
	EndGlobalSection
EndGlobal
